
Microsoft Visual Studio Solution File, Format Version 12.00
# Visual Studio 15
VisualStudioVersion = 15.0.27130.2036
MinimumVisualStudioVersion = 10.0.40219.1
Project("{FAE04EC0-301F-11D3-BF4B-00C04F79EFBC}") = "LandlordProperties", "LandlordProperties\LandlordProperties.csproj", "{E175CBFA-69A6-4D36-9655-8E0F60BB0B5D}"
EndProject
Global
	GlobalSection(SolutionConfigurationPlatforms) = preSolution
		Debug|Any CPU = Debug|Any CPU
		Release|Any CPU = Release|Any CPU
	EndGlobalSection
	GlobalSection(ProjectConfigurationPlatforms) = postSolution
		{E175CBFA-69A6-4D36-9655-8E0F60BB0B5D}.Debug|Any CPU.ActiveCfg = Debug|Any CPU
		{E175CBFA-69A6-4D36-9655-8E0F60BB0B5D}.Debug|Any CPU.Build.0 = Debug|Any CPU
		{E175CBFA-69A6-4D36-9655-8E0F60BB0B5D}.Release|Any CPU.ActiveCfg = Release|Any CPU
		{E175CBFA-69A6-4D36-9655-8E0F60BB0B5D}.Release|Any CPU.Build.0 = Release|Any CPU
	EndGlobalSection
	GlobalSection(SolutionProperties) = preSolution
		HideSolutionNode = FALSE
	EndGlobalSection
	GlobalSection(ExtensibilityGlobals) = postSolution
		SolutionGuid = {F3E68EE0-CA99-4A03-8D6D-5873E79564FB}
	EndGlobalSection
EndGlobal
